github.com/google/go-cmp v0.7.0 h1:wk8382ETsv4JYUZwIsn6YpYiWiBsYLSJiTsyBybVuN8=
github.com/google/go-cmp v0.7.0/go.mod h1:pXiqmnSA92OHEEa9HXL2W4E7lf9JzCmGVUdgjX3N/iU=
github.com/onsi/gomega v1.38.2 h1:eZCjf2xjZAqe+LeWvKb5weQ+NcPwX84kqJ0cZNxok2A=
github.com/onsi/gomega v1.38.2/go.mod h1:W2MJcYxRGV63b418Ai34Ud0hEdTVXq9NW9+Sx6uXf3k=
github.com/pkg/errors v0.9.1 h1:FEBLx1zS214owpjy7qsBeixbURkuhQAwrK5UwLGTwt4=
github.com/pkg/errors v0.9.1/go.mod h1:bwawxfHBFNV+L2hUp1rHADufV3IMtnDRdf1r5NINEl0=
github.com/xoctopus/pkgx v0.1.1-0.20251107084513-206f2f1d8f82 h1:bNXSfiL3D1vYD6MPJw++ONUEoVjPZBuYnAwaKf0AlTw=
github.com/xoctopus/pkgx v0.1.1-0.20251107084513-206f2f1d8f82/go.mod h1:o4/nl6ZFCXhjO10ngbnB9x5ovLkQTJpeTImE/uhwPpU=
github.com/xoctopus/pkgx/testdata v0.0.0-20250331091630-3af90d68c457 h1:gD1hsoLJA7ph4rCie09Se/R/9YuGbPNBTYtnqcXp3eM=
github.com/xoctopus/pkgx/testdata v0.0.0-20250331091630-3af90d68c457/go.mod h1:faPGS0iCc6caeD6QTnaNp2MnyprKk78tej+mpmDyUSc=
github.com/xoctopus/typex v0.2.2-0.20251107084446-a9101c413a4d h1:X+Z7WLvTzsXzsc/FafXbJag6M5G1+uLqLbdeEZhml30=
github.com/xoctopus/typex v0.2.2-0.20251107084446-a9101c413a4d/go.mod h1:Fvio44q3PCE/W2PwuTDBltKbNT2avvxf/R0tcKyCA/c=
github.com/xoctopus/x v0.2.1-0.20251107032611-418cbf551ecc h1:BWQ69S7uJWIpKaQ9uQayQyhyR2gJXXs1uXU5hoMUQXQ=
github.com/xoctopus/x v0.2.1-0.20251107032611-418cbf551ecc/go.mod h1:T6Z7J985JIR3zB+DLU6V3oK4oeqdDFPzjDWffF97AQs=
go.yaml.in/yaml/v3 v3.0.4 h1:tfq32ie2Jv2UxXFdLJdh3jXuOzWiL1fo0bu/FbuKpbc=
go.yaml.in/yaml/v3 v3.0.4/go.mod h1:DhzuOOF2ATzADvBadXxruRBLzYTpT36CKvDb3+aBEFg=
golang.org/x/exp v0.0.0-20251023183803-a4bb9ffd2546 h1:mgKeJMpvi0yx/sU5GsxQ7p6s2wtOnGAHZWCHUM4KGzY=
golang.org/x/exp v0.0.0-20251023183803-a4bb9ffd2546/go.mod h1:j/pmGrbnkbPtQfxEe5D0VQhZC6qKbfKifgD0oM7sR70=
golang.org/x/mod v0.29.0 h1:HV8lRxZC4l2cr3Zq1LvtOsi/ThTgWnUk/y64QSs8GwA=
golang.org/x/mod v0.29.0/go.mod h1:NyhrlYXJ2H4eJiRy/WDBO6HMqZQ6q9nk4JzS3NuCK+w=
golang.org/x/net v0.46.0 h1:giFlY12I07fugqwPuWJi68oOnpfqFnJIJzaIIm2JVV4=
golang.org/x/net v0.46.0/go.mod h1:Q9BGdFy1y4nkUwiLvT5qtyhAnEHgnQ/zd8PfU6nc210=
golang.org/x/sync v0.18.0 h1:kr88TuHDroi+UVf+0hZnirlk8o8T+4MrK6mr60WkH/I=
golang.org/x/sync v0.18.0/go.mod h1:9KTHXmSnoGruLpwFjVSX0lNNA75CykiMECbovNTZqGI=
golang.org/x/text v0.30.0 h1:yznKA/E9zq54KzlzBEAWn1NXSQ8DIp/NYMy88xJjl4k=
golang.org/x/text v0.30.0/go.mod h1:yDdHFIX9t+tORqspjENWgzaCVXgk0yYnYuSZ8UzzBVM=
golang.org/x/tools v0.38.0 h1:Hx2Xv8hISq8Lm16jvBZ2VQf+RLmbd7wVUsALibYI/IQ=
golang.org/x/tools v0.38.0/go.mod h1:yEsQ/d/YK8cjh0L6rZlY8tgtlKiBNTL14pGDJPJpYQs=
